// !$*UTF8*$!
{
	archiveVersion = 1;
	classes = {
	};
	objectVersion = 46;
	objects = {

/* Begin PBXBuildFile section */
		8C9CCE1C1C64E19B00D205B2 /* AppDelegate.swift in Sources */ = {isa = PBXBuildFile; fileRef = 8C9CCE1B1C64E19B00D205B2 /* AppDelegate.swift */; };
		8C9CCE1E1C64E19B00D205B2 /* ViewController.swift in Sources */ = {isa = PBXBuildFile; fileRef = 8C9CCE1D1C64E19B00D205B2 /* ViewController.swift */; };
		8C9CCE211C64E19B00D205B2 /* Main.storyboard in Resources */ = {isa = PBXBuildFile; fileRef = 8C9CCE1F1C64E19B00D205B2 /* Main.storyboard */; };
		8C9CCE231C64E19B00D205B2 /* Assets.xcassets in Resources */ = {isa = PBXBuildFile; fileRef = 8C9CCE221C64E19B00D205B2 /* Assets.xcassets */; };
		8C9CCE261C64E19B00D205B2 /* LaunchScreen.storyboard in Resources */ = {isa = PBXBuildFile; fileRef = 8C9CCE241C64E19B00D205B2 /* LaunchScreen.storyboard */; };
		8C9CCE311C64E19B00D205B2 /* BitriseTrialTests.swift in Sources */ = {isa = PBXBuildFile; fileRef = 8C9CCE301C64E19B00D205B2 /* BitriseTrialTests.swift */; };
/* End PBXBuildFile section */

/* Begin PBXContainerItemProxy section */
		8C9CCE2D1C64E19B00D205B2 /* PBXContainerItemProxy */ = {
			isa = PBXContainerItemProxy;
			containerPortal = 8C9CCE101C64E19B00D205B2 /* Project object */;
			proxyType = 1;
			remoteGlobalIDString = 8C9CCE171C64E19B00D205B2;
			remoteInfo = BitriseTrial;
		};
/* End PBXContainerItemProxy section */

/* Begin PBXFileReference section */
		8C9CCE181C64E19B00D205B2 /* BitriseTrial.app */ = {isa = PBXFileReference; explicitFileType = wrapper.application; includeInIndex = 0; path = BitriseTrial.app; sourceTree = BUILT_PRODUCTS_DIR; };
		8C9CCE1B1C64E19B00D205B2 /* AppDelegate.swift */ = {isa = PBXFileReference; lastKnownFileType = sourcecode.swift; path = AppDelegate.swift; sourceTree = "<group>"; };
		8C9CCE1D1C64E19B00D205B2 /* ViewController.swift */ = {isa = PBXFileReference; lastKnownFileType = sourcecode.swift; path = ViewController.swift; sourceTree = "<group>"; };
		8C9CCE201C64E19B00D205B2 /* Base */ = {isa = PBXFileReference; lastKnownFileType = file.storyboard; name = Base; path = Base.lproj/Main.storyboard; sourceTree = "<group>"; };
		8C9CCE221C64E19B00D205B2 /* Assets.xcassets */ = {isa = PBXFileReference; lastKnownFileType = folder.assetcatalog; path = Assets.xcassets; sourceTree = "<group>"; };
		8C9CCE251C64E19B00D205B2 /* Base */ = {isa = PBXFileReference; lastKnownFileType = file.storyboard; name = Base; path = Base.lproj/LaunchScreen.storyboard; sourceTree = "<group>"; };
		8C9CCE271C64E19B00D205B2 /* Info.plist */ = {isa = PBXFileReference; lastKnownFileType = text.plist.xml; path = Info.plist; sourceTree = "<group>"; };
		8C9CCE2C1C64E19B00D205B2 /* BitriseTrialTests.xctest */ = {isa = PBXFileReference; explicitFileType = wrapper.cfbundle; includeInIndex = 0; path = BitriseTrialTests.xctest; sourceTree = BUILT_PRODUCTS_DIR; };
		8C9CCE301C64E19B00D205B2 /* BitriseTrialTests.swift */ = {isa = PBXFileReference; lastKnownFileType = sourcecode.swift; path = BitriseTrialTests.swift; sourceTree = "<group>"; };
		8C9CCE321C64E19B00D205B2 /* Info.plist */ = {isa = PBXFileReference; lastKnownFileType = text.plist.xml; path = Info.plist; sourceTree = "<group>"; };
/* End PBXFileReference section */

/* Begin PBXFrameworksBuildPhase section */
		8C9CCE151C64E19B00D205B2 /* Frameworks */ = {
			isa = PBXFrameworksBuildPhase;
			buildActionMask = 2147483647;
			files = (
			);
			runOnlyForDeploymentPostprocessing = 0;
		};
		8C9CCE291C64E19B00D205B2 /* Frameworks */ = {
			isa = PBXFrameworksBuildPhase;
			buildActionMask = 2147483647;
			files = (
			);
			runOnlyForDeploymentPostprocessing = 0;
		};
/* End PBXFrameworksBuildPhase section */

/* Begin PBXGroup section */
		8C9CCE0F1C64E19B00D205B2 = {
			isa = PBXGroup;
			children = (
				8C9CCE1A1C64E19B00D205B2 /* BitriseTrial */,
				8C9CCE2F1C64E19B00D205B2 /* BitriseTrialTests */,
				8C9CCE191C64E19B00D205B2 /* Products */,
			);
			sourceTree = "<group>";
		};
		8C9CCE191C64E19B00D205B2 /* Products */ = {
			isa = PBXGroup;
			children = (
				8C9CCE181C64E19B00D205B2 /* BitriseTrial.app */,
				8C9CCE2C1C64E19B00D205B2 /* BitriseTrialTests.xctest */,
			);
			name = Products;
			sourceTree = "<group>";
		};
		8C9CCE1A1C64E19B00D205B2 /* BitriseTrial */ = {
			isa = PBXGroup;
			children = (
				8C9CCE1B1C64E19B00D205B2 /* AppDelegate.swift */,
				8C9CCE1D1C64E19B00D205B2 /* ViewController.swift */,
				8C9CCE1F1C64E19B00D205B2 /* Main.storyboard */,
				8C9CCE221C64E19B00D205B2 /* Assets.xcassets */,
				8C9CCE241C64E19B00D205B2 /* LaunchScreen.storyboard */,
				8C9CCE271C64E19B00D205B2 /* Info.plist */,
			);
			path = BitriseTrial;
			sourceTree = "<group>";
		};
		8C9CCE2F1C64E19B00D205B2 /* BitriseTrialTests */ = {
			isa = PBXGroup;
			children = (
				8C9CCE301C64E19B00D205B2 /* BitriseTrialTests.swift */,
				8C9CCE321C64E19B00D205B2 /* Info.plist */,
			);
			path = BitriseTrialTests;
			sourceTree = "<group>";
		};
/* End PBXGroup section */

/* Begin PBXNativeTarget section */
		8C9CCE171C64E19B00D205B2 /* BitriseTrial */ = {
			isa = PBXNativeTarget;
			buildConfigurationList = 8C9CCE351C64E19B00D205B2 /* Build configuration list for PBXNativeTarget "BitriseTrial" */;
			buildPhases = (
				8C9CCE141C64E19B00D205B2 /* Sources */,
				8C9CCE151C64E19B00D205B2 /* Frameworks */,
				8C9CCE161C64E19B00D205B2 /* Resources */,
			);
			buildRules = (
			);
			dependencies = (
			);
			name = BitriseTrial;
			productName = BitriseTrial;
			productReference = 8C9CCE181C64E19B00D205B2 /* BitriseTrial.app */;
			productType = "com.apple.product-type.application";
		};
		8C9CCE2B1C64E19B00D205B2 /* BitriseTrialTests */ = {
			isa = PBXNativeTarget;
			buildConfigurationList = 8C9CCE381C64E19B00D205B2 /* Build configuration list for PBXNativeTarget "BitriseTrialTests" */;
			buildPhases = (
				8C9CCE281C64E19B00D205B2 /* Sources */,
				8C9CCE291C64E19B00D205B2 /* Frameworks */,
				8C9CCE2A1C64E19B00D205B2 /* Resources */,
			);
			buildRules = (
			);
			dependencies = (
				8C9CCE2E1C64E19B00D205B2 /* PBXTargetDependency */,
			);
			name = BitriseTrialTests;
			productName = BitriseTrialTests;
			productReference = 8C9CCE2C1C64E19B00D205B2 /* BitriseTrialTests.xctest */;
			productType = "com.apple.product-type.bundle.unit-test";
		};
/* End PBXNativeTarget section */

/* Begin PBXProject section */
		8C9CCE101C64E19B00D205B2 /* Project object */ = {
			isa = PBXProject;
			attributes = {
				LastSwiftUpdateCheck = 0720;
				LastUpgradeCheck = 0720;
				ORGANIZATIONNAME = Stefan;
				TargetAttributes = {
					8C9CCE171C64E19B00D205B2 = {
						CreatedOnToolsVersion = 7.2.1;
					};
					8C9CCE2B1C64E19B00D205B2 = {
						CreatedOnToolsVersion = 7.2.1;
						TestTargetID = 8C9CCE171C64E19B00D205B2;
					};
				};
			};
			buildConfigurationList = 8C9CCE131C64E19B00D205B2 /* Build configuration list for PBXProject "BitriseTrial" */;
			compatibilityVersion = "Xcode 3.2";
			developmentRegion = English;
			hasScannedForEncodings = 0;
			knownRegions = (
				en,
				Base,
			);
			mainGroup = 8C9CCE0F1C64E19B00D205B2;
			productRefGroup = 8C9CCE191C64E19B00D205B2 /* Products */;
			projectDirPath = "";
			projectRoot = "";
			targets = (
				8C9CCE171C64E19B00D205B2 /* BitriseTrial */,
				8C9CCE2B1C64E19B00D205B2 /* BitriseTrialTests */,
			);
		};
/* End PBXProject section */

/* Begin PBXResourcesBuildPhase section */
		8C9CCE161C64E19B00D205B2 /* Resources */ = {
			isa = PBXResourcesBuildPhase;
			buildActionMask = 2147483647;
			files = (
				8C9CCE261C64E19B00D205B2 /* LaunchScreen.storyboard in Resources */,
				8C9CCE231C64E19B00D205B2 /* Assets.xcassets in Resources */,
				8C9CCE211C64E19B00D205B2 /* Main.storyboard in Resources */,
			);
			runOnlyForDeploymentPostprocessing = 0;
		};
		8C9CCE2A1C64E19B00D205B2 /* Resources */ = {
			isa = PBXResourcesBuildPhase;
			buildActionMask = 2147483647;
			files = (
			);
			runOnlyForDeploymentPostprocessing = 0;
		};
/* End PBXResourcesBuildPhase section */

/* Begin PBXSourcesBuildPhase section */
		8C9CCE141C64E19B00D205B2 /* Sources */ = {
			isa = PBXSourcesBuildPhase;
			buildActionMask = 2147483647;
			files = (
				8C9CCE1E1C64E19B00D205B2 /* ViewController.swift in Sources */,
				8C9CCE1C1C64E19B00D205B2 /* AppDelegate.swift in Sources */,
			);
			runOnlyForDeploymentPostprocessing = 0;
		};
		8C9CCE281C64E19B00D205B2 /* Sources */ = {
			isa = PBXSourcesBuildPhase;
			buildActionMask = 2147483647;
			files = (
				8C9CCE311C64E19B00D205B2 /* BitriseTrialTests.swift in Sources */,
			);
			runOnlyForDeploymentPostprocessing = 0;
		};
/* End PBXSourcesBuildPhase section */

/* Begin PBXTargetDependency section */
		8C9CCE2E1C64E19B00D205B2 /* PBXTargetDependency */ = {
			isa = PBXTargetDependency;
			target = 8C9CCE171C64E19B00D205B2 /* BitriseTrial */;
			targetProxy = 8C9CCE2D1C64E19B00D205B2 /* PBXContainerItemProxy */;
		};
/* End PBXTargetDependency section */

/* Begin PBXVariantGroup section */
		8C9CCE1F1C64E19B00D205B2 /* Main.storyboard */ = {
			isa = PBXVariantGroup;
			children = (
				8C9CCE201C64E19B00D205B2 /* Base */,
			);
			name = Main.storyboard;
			sourceTree = "<group>";
		};
		8C9CCE241C64E19B00D205B2 /* LaunchScreen.storyboard */ = {
			isa = PBXVariantGroup;
			children = (
				8C9CCE251C64E19B00D205B2 /* Base */,
			);
			name = LaunchScreen.storyboard;
			sourceTree = "<group>";
		};
/* End PBXVariantGroup section */

/* Begin XCBuildConfiguration section */
		8C9CCE331C64E19B00D205B2 /* Debug */ = {
			isa = XCBuildConfiguration;
			buildSettings = {
				ALWAYS_SEARCH_USER_PATHS = NO;
				CLANG_CXX_LANGUAGE_STANDARD = "gnu++0x";
				CLANG_CXX_LIBRARY = "libc++";
				CLANG_ENABLE_MODULES = YES;
				CLANG_ENABLE_OBJC_ARC = YES;
				CLANG_WARN_BOOL_CONVERSION = YES;
				CLANG_WARN_CONSTANT_CONVERSION = YES;
				CLANG_WARN_DIRECT_OBJC_ISA_USAGE = YES_ERROR;
				CLANG_WARN_EMPTY_BODY = YES;
				CLANG_WARN_ENUM_CONVERSION = YES;
				CLANG_WARN_INT_CONVERSION = YES;
				CLANG_WARN_OBJC_ROOT_CLASS = YES_ERROR;
				CLANG_WARN_UNREACHABLE_CODE = YES;
				CLANG_WARN__DUPLICATE_METHOD_MATCH = YES;
				"CODE_SIGN_IDENTITY[sdk=iphoneos*]" = "iPhone Developer";
				COPY_PHASE_STRIP = NO;
				DEBUG_INFORMATION_FORMAT = dwarf;
				ENABLE_STRICT_OBJC_MSGSEND = YES;
				ENABLE_TESTABILITY = YES;
				GCC_C_LANGUAGE_STANDARD = gnu99;
				GCC_DYNAMIC_NO_PIC = NO;
				GCC_NO_COMMON_BLOCKS = YES;
				GCC_OPTIMIZATION_LEVEL = 0;
				GCC_PREPROCESSOR_DEFINITIONS = (
					"DEBUG=1",
					"$(inherited)",
				);
				GCC_WARN_64_TO_32_BIT_CONVERSION = YES;
				GCC_WARN_ABOUT_RETURN_TYPE = YES_ERROR;
				GCC_WARN_UNDECLARED_SELECTOR = YES;
				GCC_WARN_UNINITIALIZED_AUTOS = YES_AGGRESSIVE;
				GCC_WARN_UNUSED_FUNCTION = YES;
				GCC_WARN_UNUSED_VARIABLE = YES;
				IPHONEOS_DEPLOYMENT_TARGET = 9.2;
				MTL_ENABLE_DEBUG_INFO = YES;
				ONLY_ACTIVE_ARCH = YES;
				SDKROOT = iphoneos;
				SWIFT_OPTIMIZATION_LEVEL = "-Onone";
			};
			name = Debug;
		};
		8C9CCE341C64E19B00D205B2 /* Release */ = {
			isa = XCBuildConfiguration;
			buildSettings = {
				ALWAYS_SEARCH_USER_PATHS = NO;
				CLANG_CXX_LANGUAGE_STANDARD = "gnu++0x";
				CLANG_CXX_LIBRARY = "libc++";
				CLANG_ENABLE_MODULES = YES;
				CLANG_ENABLE_OBJC_ARC = YES;
				CLANG_WARN_BOOL_CONVERSION = YES;
				CLANG_WARN_CONSTANT_CONVERSION = YES;
				CLANG_WARN_DIRECT_OBJC_ISA_USAGE = YES_ERROR;
				CLANG_WARN_EMPTY_BODY = YES;
				CLANG_WARN_ENUM_CONVERSION = YES;
				CLANG_WARN_INT_CONVERSION = YES;
				CLANG_WARN_OBJC_ROOT_CLASS = YES_ERROR;
				CLANG_WARN_UNREACHABLE_CODE = YES;
				CLANG_WARN__DUPLICATE_METHOD_MATCH = YES;
				"CODE_SIGN_IDENTITY[sdk=iphoneos*]" = "iPhone Developer";
				COPY_PHASE_STRIP = NO;
				DEBUG_INFORMATION_FORMAT = "dwarf-with-dsym";
				ENABLE_NS_ASSERTIONS = NO;
				ENABLE_STRICT_OBJC_MSGSEND = YES;
				GCC_C_LANGUAGE_STANDARD = gnu99;
				GCC_NO_COMMON_BLOCKS = YES;
				GCC_WARN_64_TO_32_BIT_CONVERSION = YES;
				GCC_WARN_ABOUT_RETURN_TYPE = YES_ERROR;
				GCC_WARN_UNDECLARED_SELECTOR = YES;
				GCC_WARN_UNINITIALIZED_AUTOS = YES_AGGRESSIVE;
				GCC_WARN_UNUSED_FUNCTION = YES;
				GCC_WARN_UNUSED_VARIABLE = YES;
				IPHONEOS_DEPLOYMENT_TARGET = 9.2;
				MTL_ENABLE_DEBUG_INFO = NO;
				SDKROOT = iphoneos;
				VALIDATE_PRODUCT = YES;
			};
			name = Release;
		};
		8C9CCE361C64E19B00D205B2 /* Debug */ = {
			isa = XCBuildConfiguration;
			buildSettings = {
				ASSETCATALOG_COMPILER_APPICON_NAME = AppIcon;
				INFOPLIST_FILE = BitriseTrial/Info.plist;
				LD_RUNPATH_SEARCH_PATHS = "$(inherited) @executable_path/Frameworks";
				PRODUCT_BUNDLE_IDENTIFIER = de.stefan.BitriseTrial;
				PRODUCT_NAME = "$(TARGET_NAME)";
			};
			name = Debug;
		};
		8C9CCE371C64E19B00D205B2 /* Release */ = {
			isa = XCBuildConfiguration;
			buildSettings = {
				ASSETCATALOG_COMPILER_APPICON_NAME = AppIcon;
				INFOPLIST_FILE = BitriseTrial/Info.plist;
				LD_RUNPATH_SEARCH_PATHS = "$(inherited) @executable_path/Frameworks";
				PRODUCT_BUNDLE_IDENTIFIER = de.stefan.BitriseTrial;
				PRODUCT_NAME = "$(TARGET_NAME)";
			};
			name = Release;
		};
		8C9CCE391C64E19B00D205B2 /* Debug */ = {
			isa = XCBuildConfiguration;
			buildSettings = {
				BUNDLE_LOADER = "$(TEST_HOST)";
				INFOPLIST_FILE = BitriseTrialTests/Info.plist;
				LD_RUNPATH_SEARCH_PATHS = "$(inherited) @executable_path/Frameworks @loader_path/Frameworks";
				PRODUCT_BUNDLE_IDENTIFIER = de.stefan.BitriseTrialTests;
				PRODUCT_NAME = "$(TARGET_NAME)";
				TEST_HOST = "$(BUILT_PRODUCTS_DIR)/BitriseTrial.app/BitriseTrial";
			};
			name = Debug;
		};
		8C9CCE3A1C64E19B00D205B2 /* Release */ = {
			isa = XCBuildConfiguration;
			buildSettings = {
				BUNDLE_LOADER = "$(TEST_HOST)";
				INFOPLIST_FILE = BitriseTrialTests/Info.plist;
				LD_RUNPATH_SEARCH_PATHS = "$(inherited) @executable_path/Frameworks @loader_path/Frameworks";
				PRODUCT_BUNDLE_IDENTIFIER = de.stefan.BitriseTrialTests;
				PRODUCT_NAME = "$(TARGET_NAME)";
				TEST_HOST = "$(BUILT_PRODUCTS_DIR)/BitriseTrial.app/BitriseTrial";
			};
			name = Release;
		};
/* End XCBuildConfiguration section */

/* Begin XCConfigurationList section */
		8C9CCE131C64E19B00D205B2 /* Build configuration list for PBXProject "BitriseTrial" */ = {
			isa = XCConfigurationList;
			buildConfigurations = (
				8C9CCE331C64E19B00D205B2 /* Debug */,
				8C9CCE341C64E19B00D205B2 /* Release */,
			);
			defaultConfigurationIsVisible = 0;
			defaultConfigurationName = Release;
		};
		8C9CCE351C64E19B00D205B2 /* Build configuration list for PBXNativeTarget "BitriseTrial" */ = {
			isa = XCConfigurationList;
			buildConfigurations = (
				8C9CCE361C64E19B00D205B2 /* Debug */,
				8C9CCE371C64E19B00D205B2 /* Release */,
			);
			defaultConfigurationIsVisible = 0;
		};
		8C9CCE381C64E19B00D205B2 /* Build configuration list for PBXNativeTarget "BitriseTrialTests" */ = {
			isa = XCConfigurationList;
			buildConfigurations = (
				8C9CCE391C64E19B00D205B2 /* Debug */,
				8C9CCE3A1C64E19B00D205B2 /* Release */,
			);
			defaultConfigurationIsVisible = 0;
		};
/* End XCConfigurationList section */
	};
	rootObject = 8C9CCE101C64E19B00D205B2 /* Project object */;
}
